
Microsoft Visual Studio Solution File, Format Version 12.00
# Visual Studio 15
VisualStudioVersion = 15.0.27130.2010
MinimumVisualStudioVersion = 10.0.40219.1
Project("{FAE04EC0-301F-11D3-BF4B-00C04F79EFBC}") = "FrameworkLibraries", "SeleniumFramework\FrameworkLibraries.csproj", "{BC94E1AE-DC62-4801-ACF1-FD0422FC05B3}"
EndProject
Project("{FAE04EC0-301F-11D3-BF4B-00C04F79EFBC}") = "TestFramework", "TestFramework\TestFramework.csproj", "{7A729438-DE2C-4F30-A2D5-449FF76AB73E}"
EndProject
Project("{FAE04EC0-301F-11D3-BF4B-00C04F79EFBC}") = "DemoQaProject", "DemoQaProject\DemoQaProject.csproj", "{8EA6D9BD-FC3A-4FEF-9C0F-FC032A83A595}"
EndProject
Global
	GlobalSection(SolutionConfigurationPlatforms) = preSolution
		Debug|Any CPU = Debug|Any CPU
		Release|Any CPU = Release|Any CPU
	EndGlobalSection
	GlobalSection(ProjectConfigurationPlatforms) = postSolution
		{BC94E1AE-DC62-4801-ACF1-FD0422FC05B3}.Debug|Any CPU.ActiveCfg = Debug|Any CPU
		{BC94E1AE-DC62-4801-ACF1-FD0422FC05B3}.Debug|Any CPU.Build.0 = Debug|Any CPU
		{BC94E1AE-DC62-4801-ACF1-FD0422FC05B3}.Release|Any CPU.ActiveCfg = Release|Any CPU
		{BC94E1AE-DC62-4801-ACF1-FD0422FC05B3}.Release|Any CPU.Build.0 = Release|Any CPU
		{7A729438-DE2C-4F30-A2D5-449FF76AB73E}.Debug|Any CPU.ActiveCfg = Debug|Any CPU
		{7A729438-DE2C-4F30-A2D5-449FF76AB73E}.Debug|Any CPU.Build.0 = Debug|Any CPU
		{7A729438-DE2C-4F30-A2D5-449FF76AB73E}.Release|Any CPU.ActiveCfg = Release|Any CPU
		{7A729438-DE2C-4F30-A2D5-449FF76AB73E}.Release|Any CPU.Build.0 = Release|Any CPU
		{8EA6D9BD-FC3A-4FEF-9C0F-FC032A83A595}.Debug|Any CPU.ActiveCfg = Debug|Any CPU
		{8EA6D9BD-FC3A-4FEF-9C0F-FC032A83A595}.Debug|Any CPU.Build.0 = Debug|Any CPU
		{8EA6D9BD-FC3A-4FEF-9C0F-FC032A83A595}.Release|Any CPU.ActiveCfg = Release|Any CPU
		{8EA6D9BD-FC3A-4FEF-9C0F-FC032A83A595}.Release|Any CPU.Build.0 = Release|Any CPU
	EndGlobalSection
	GlobalSection(SolutionProperties) = preSolution
		HideSolutionNode = FALSE
	EndGlobalSection
	GlobalSection(ExtensibilityGlobals) = postSolution
		SolutionGuid = {DEB10CD5-777A-4DD0-9033-B470ABF53ABA}
	EndGlobalSection
EndGlobal
